
Microsoft Visual Studio Solution File, Format Version 12.00
# Visual Studio Version 16
VisualStudioVersion = 16.0.29503.13
MinimumVisualStudioVersion = 10.0.40219.1
Project("{9A19103F-16F7-4668-BE54-9A1E7A4F7556}") = "Vendr.PaymentProviders.Stripe", "src\Vendr.PaymentProviders.Stripe\Vendr.PaymentProviders.Stripe.csproj", "{95A9704A-DF03-437F-A728-EEAD7C8E82B8}"
EndProject
Project("{9A19103F-16F7-4668-BE54-9A1E7A4F7556}") = "_build", "build\_build.csproj", "{95C0A77F-9D4E-46CE-930C-BE7044C8550F}"
EndProject
Global
	GlobalSection(SolutionConfigurationPlatforms) = preSolution
		Debug|Any CPU = Debug|Any CPU
		Release|Any CPU = Release|Any CPU
	EndGlobalSection
	GlobalSection(ProjectConfigurationPlatforms) = postSolution
		{95A9704A-DF03-437F-A728-EEAD7C8E82B8}.Debug|Any CPU.ActiveCfg = Debug|Any CPU
		{95A9704A-DF03-437F-A728-EEAD7C8E82B8}.Debug|Any CPU.Build.0 = Debug|Any CPU
		{95A9704A-DF03-437F-A728-EEAD7C8E82B8}.Release|Any CPU.ActiveCfg = Release|Any CPU
		{95A9704A-DF03-437F-A728-EEAD7C8E82B8}.Release|Any CPU.Build.0 = Release|Any CPU
		{95C0A77F-9D4E-46CE-930C-BE7044C8550F}.Debug|Any CPU.ActiveCfg = Debug|Any CPU
		{95C0A77F-9D4E-46CE-930C-BE7044C8550F}.Release|Any CPU.ActiveCfg = Release|Any CPU
	EndGlobalSection
	GlobalSection(SolutionProperties) = preSolution
		HideSolutionNode = FALSE
	EndGlobalSection
	GlobalSection(ExtensibilityGlobals) = postSolution
		SolutionGuid = {B3A08DA4-571B-4CE5-A04A-7F7E8EC953F1}
	EndGlobalSection
EndGlobal
